{
  "lockfile_version": "1",
  "packages": {
    "android-tools": {
      "resolved": "github:NixOS/nixpkgs/fdc7b8f7b30fdbedec91b71ed82f36e1637483ed?narHash=sha256-a%2B%2BtZ1RQsDb1I0NHrFwdGuRlR5TORvCEUksM459wKUA%3D#android-tools",
      "source": "nixpkg"
    },
    "gcc": {
      "resolved": "github:NixOS/nixpkgs/fdc7b8f7b30fdbedec91b71ed82f36e1637483ed?narHash=sha256-a%2B%2BtZ1RQsDb1I0NHrFwdGuRlR5TORvCEUksM459wKUA%3D#gcc",
      "source": "nixpkg"
    },
    "git": {
      "resolved": "github:NixOS/nixpkgs/fdc7b8f7b30fdbedec91b71ed82f36e1637483ed?narHash=sha256-a%2B%2BtZ1RQsDb1I0NHrFwdGuRlR5TORvCEUksM459wKUA%3D#git",
      "source": "nixpkg"
    },
    "github:NixOS/nixpkgs/nixpkgs-unstable": {
      "last_modified": "2026-03-23T13:48:00Z",
      "resolved": "github:NixOS/nixpkgs/fdc7b8f7b30fdbedec91b71ed82f36e1637483ed?lastModified=1774273680&narHash=sha256-a%2B%2BtZ1RQsDb1I0NHrFwdGuRlR5TORvCEUksM459wKUA%3D"
    },
    "gnumake": {
      "resolved": "github:NixOS/nixpkgs/fdc7b8f7b30fdbedec91b71ed82f36e1637483ed?narHash=sha256-a%2B%2BtZ1RQsDb1I0NHrFwdGuRlR5TORvCEUksM459wKUA%3D#gnumake",
      "source": "nixpkg"
    },
    "nodejs@22": {
      "last_modified": "2026-03-21T07:29:51Z",
      "plugin_version": "0.0.2",
      "resolved": "github:NixOS/nixpkgs/09061f748ee21f68a089cd5d91ec1859cd93d0be#nodejs_22",
      "source": "devbox-search",
      "version": "22.22.1",
      "systems": {
        "aarch64-darwin": {
          "outputs": [
            {
              "name": "out",
              "path": "/nix/store/c5rhp8fwf3zhrwqs1hg3x23346al7g1a-nodejs-22.22.1",
              "default": true
            }
          ],
          "store_path": "/nix/store/c5rhp8fwf3zhrwqs1hg3x23346al7g1a-nodejs-22.22.1"
        },
        "aarch64-linux": {
          "outputs": [
            {
              "name": "out",
              "path": "/nix/store/gvb9pgbsrsrr2cf14hbwb9cpl8qhv1kv-nodejs-22.22.1",
              "default": true
            }
          ],
          "store_path": "/nix/store/gvb9pgbsrsrr2cf14hbwb9cpl8qhv1kv-nodejs-22.22.1"
        },
        "x86_64-darwin": {
          "outputs": [
            {
              "name": "out",
              "path": "/nix/store/fd5fsgjv5lmp1qzms41f6bf1gkk4pb82-nodejs-22.22.1",
              "default": true
            }
          ],
          "store_path": "/nix/store/fd5fsgjv5lmp1qzms41f6bf1gkk4pb82-nodejs-22.22.1"
        },
        "x86_64-linux": {
          "outputs": [
            {
              "name": "out",
              "path": "/nix/store/q04hinixx2jzv5ap76zv61c8fyx9ajbv-nodejs-22.22.1",
              "default": true
            }
          ],
          "store_path": "/nix/store/q04hinixx2jzv5ap76zv61c8fyx9ajbv-nodejs-22.22.1"
        }
      }
    },
    "openjdk@17": {
      "last_modified": "2022-11-21T15:52:25Z",
      "resolved": "github:NixOS/nixpkgs/6b5019a48f876f3288efc626fa8b70ad0c64eb46#openjdk",
      "source": "devbox-search",
      "version": "17.0.3"
    },
    "pkg-config": {
      "resolved": "github:NixOS/nixpkgs/fdc7b8f7b30fdbedec91b71ed82f36e1637483ed?narHash=sha256-a%2B%2BtZ1RQsDb1I0NHrFwdGuRlR5TORvCEUksM459wKUA%3D#pkg-config",
      "source": "nixpkg"
    },
    "pnpm": {
      "resolved": "github:NixOS/nixpkgs/fdc7b8f7b30fdbedec91b71ed82f36e1637483ed?narHash=sha256-a%2B%2BtZ1RQsDb1I0NHrFwdGuRlR5TORvCEUksM459wKUA%3D#pnpm",
      "source": "nixpkg"
    },
    "python3": {
      "plugin_version": "0.0.4",
      "resolved": "github:NixOS/nixpkgs/fdc7b8f7b30fdbedec91b71ed82f36e1637483ed?narHash=sha256-a%2B%2BtZ1RQsDb1I0NHrFwdGuRlR5TORvCEUksM459wKUA%3D#python3",
      "source": "nixpkg"
    },
    "unzip": {
      "resolved": "github:NixOS/nixpkgs/fdc7b8f7b30fdbedec91b71ed82f36e1637483ed?narHash=sha256-a%2B%2BtZ1RQsDb1I0NHrFwdGuRlR5TORvCEUksM459wKUA%3D#unzip",
      "source": "nixpkg"
    },
    "watchman": {
      "resolved": "github:NixOS/nixpkgs/fdc7b8f7b30fdbedec91b71ed82f36e1637483ed?narHash=sha256-a%2B%2BtZ1RQsDb1I0NHrFwdGuRlR5TORvCEUksM459wKUA%3D#watchman",
      "source": "nixpkg"
    }
  }
}
